# THIS IS AN AUTOGENERATED FILE. DO NOT EDIT THIS FILE DIRECTLY.
# yarn lockfile v1


approximate-number@^2.0.0:
  version "2.0.0"
  resolved "https://registry.yarnpkg.com/approximate-number/-/approximate-number-2.0.0.tgz#43c7fbfbbb0070a412131d65581f868b24d1eb29"
  integrity sha1-Q8f7+7sAcKQSEx1lWB+GiyTR6yk=

async-limiter@~1.0.0:
  version "1.0.1"
  resolved "https://registry.yarnpkg.com/async-limiter/-/async-limiter-1.0.1.tgz#dd379e94f0db8310b08291f9d64c3209766617fd"
  integrity sha512-csOlWGAcRFJaI6m+F2WKdnMKr4HhdhFVBk0H/QbJFMCr+uO2kwohwXQPxw/9OCxp05r5ghVBFSyioixx3gfkNQ==

discord.js@^11.6.3:
  version "11.6.3"
  resolved "https://registry.yarnpkg.com/discord.js/-/discord.js-11.6.3.tgz#134dbc6b4878a1dd4e32c85a670010799bf8d33e"
  integrity sha512-dwIzHB5GPU9O/WiNw42d0yco0JED5bOjCPiHwU9VSSCkEhnyOdx5iqt7Dl2PQZAMNzWPI/t9oyCziOuzFlwm3Q==
  dependencies:
    long "^4.0.0"
    prism-media "^0.0.4"
    snekfetch "^3.6.4"
    tweetnacl "^1.0.0"
    ws "^6.0.0"

djs-commands@^1.2.2:
  version "1.2.2"
  resolved "https://registry.yarnpkg.com/djs-commands/-/djs-commands-1.2.2.tgz#d01135a3651073171d65b16e5e8eda7a5a12974a"
  integrity sha512-L4J9lViEgAp7Yb7GoukwOJFvO42bBf5r8htkQZ4CTasKrK7sI1vyB0R5RfUJnwq+5vHBzdmwyJjW8LXJYAxuFw==
  dependencies:
    fs "0.0.1-security"

fs@0.0.1-security:
  version "0.0.1-security"
  resolved "https://registry.yarnpkg.com/fs/-/fs-0.0.1-security.tgz#8a7bd37186b6dddf3813f23858b57ecaaf5e41d4"
  integrity sha1-invTcYa23d84E/I4WLV+yq9eQdQ=

hastebin-gen@^2.0.5:
  version "2.0.5"
  resolved "https://registry.yarnpkg.com/hastebin-gen/-/hastebin-gen-2.0.5.tgz#8f4f11d5c4890280e2dbd34217e6ff06d053fe68"
  integrity sha512-At1LaKtcqh2jiP8xfE2sDGT9IshIki6FqsgLwn2y7FzAvlFJRtpUsSPh3yWjWIQIvxi/GPF07IBqSI8WhPL/gQ==
  dependencies:
    node-fetch "^2.6.0"

long@^4.0.0:
  version "4.0.0"
  resolved "https://registry.yarnpkg.com/long/-/long-4.0.0.tgz#9a7b71cfb7d361a194ea555241c92f7468d5bf28"
  integrity sha512-XsP+KhQif4bjX1kbuSiySJFNAehNxgLb6hPRGJ9QsUr8ajHkuXGdrHmFUTUUXhDwVX2R5bY4JNZEwbUiMhV+MA==

node-fetch@^2.6.0:
  version "2.6.1"
  resolved "https://registry.yarnpkg.com/node-fetch/-/node-fetch-2.6.1.tgz#045bd323631f76ed2e2b55573394416b639a0052"
  integrity sha512-V4aYg89jEoVRxRb2fJdAg8FHvI7cEyYdVAh94HH0UIK8oJxUfkjlDQN9RbMx+bEjP7+ggMiFRprSti032Oipxw==

prism-media@^0.0.4:
  version "0.0.4"
  resolved "https://registry.yarnpkg.com/prism-media/-/prism-media-0.0.4.tgz#df5ddc6463670c97ff0e9cbac3c3e0db18df326f"
  integrity sha512-dG2w7WtovUa4SiYTdWn9H8Bd4JNdei2djtkP/Bk9fXq81j5Q15ZPHYSwhUVvBRbp5zMkGtu0Yk62HuMcly0pRw==

snekfetch@^3.6.4:
  version "3.6.4"
  resolved "https://registry.yarnpkg.com/snekfetch/-/snekfetch-3.6.4.tgz#d13e80a616d892f3d38daae4289f4d258a645120"
  integrity sha512-NjxjITIj04Ffqid5lqr7XdgwM7X61c/Dns073Ly170bPQHLm6jkmelye/eglS++1nfTWktpP6Y2bFXjdPlQqdw==

tweetnacl@^1.0.0:
  version "1.0.3"
  resolved "https://registry.yarnpkg.com/tweetnacl/-/tweetnacl-1.0.3.tgz#ac0af71680458d8a6378d0d0d050ab1407d35596"
  integrity sha512-6rt+RN7aOi1nGMyC4Xa5DdYiukl2UWCbcJft7YhxReBGQD7OAM8Pbxw6YMo4r2diNEA8FEmu32YOn9rhaiE5yw==

ws@^6.0.0:
  version "6.2.1"
  resolved "https://registry.yarnpkg.com/ws/-/ws-6.2.1.tgz#442fdf0a47ed64f59b6a5d8ff130f4748ed524fb"
  integrity sha512-GIyAXC2cB7LjvpgMt9EKS2ldqr0MTrORaleiOno6TweZ6r3TKtoFQWay/2PceJ3RuBasOHzXNn5Lrw1X0bEjqA==
  dependencies:
    async-limiter "~1.0.0"
